
Microsoft Visual Studio Solution File, Format Version 12.00
# Visual Studio 15
VisualStudioVersion = 15.0.28010.2016
MinimumVisualStudioVersion = 10.0.40219.1
Project("{FAE04EC0-301F-11D3-BF4B-00C04F79EFBC}") = "App.Android", "App\App.Android\App.Android.csproj", "{56CCFE42-9B11-4779-AA59-BF5210157871}"
EndProject
Project("{FAE04EC0-301F-11D3-BF4B-00C04F79EFBC}") = "App.iOS", "App\App.iOS\App.iOS.csproj", "{CE9189BF-2828-4B5B-B789-79E8E515D2D3}"
EndProject
Project("{9A19103F-16F7-4668-BE54-9A1E7A4F7556}") = "App", "App\App\App.csproj", "{33E966E3-596D-4AE8-A9E9-1F1896F0101C}"
EndProject
Project("{9A19103F-16F7-4668-BE54-9A1E7A4F7556}") = "COrjuela.Utility", "Utility\COrjuela.Utility.csproj", "{E6CFD2AF-EE2D-4B2F-A4AB-37EB342015DA}"
EndProject
Project("{FAE04EC0-301F-11D3-BF4B-00C04F79EFBC}") = "App.Domain", "App.Domain\App.Domain.csproj", "{79200648-C4DE-4D25-86B8-343FF576BA41}"
EndProject
Project("{FAE04EC0-301F-11D3-BF4B-00C04F79EFBC}") = "App.Backend", "App.Backend\App.Backend.csproj", "{3CC419B7-43A2-4E56-B4DE-F078221ADFF7}"
EndProject
Project("{FAE04EC0-301F-11D3-BF4B-00C04F79EFBC}") = "App.API", "App.API\App.API.csproj", "{5D8BAF01-7CFA-490C-B356-B6FC88DD420B}"
EndProject
Global
	GlobalSection(SolutionConfigurationPlatforms) = preSolution
		Ad-Hoc|Any CPU = Ad-Hoc|Any CPU
		Ad-Hoc|iPhone = Ad-Hoc|iPhone
		Ad-Hoc|iPhoneSimulator = Ad-Hoc|iPhoneSimulator
		AppStore|Any CPU = AppStore|Any CPU
		AppStore|iPhone = AppStore|iPhone
		AppStore|iPhoneSimulator = AppStore|iPhoneSimulator
		Debug|Any CPU = Debug|Any CPU
		Debug|iPhone = Debug|iPhone
		Debug|iPhoneSimulator = Debug|iPhoneSimulator
		Release|Any CPU = Release|Any CPU
		Release|iPhone = Release|iPhone
		Release|iPhoneSimulator = Release|iPhoneSimulator
	EndGlobalSection
	GlobalSection(ProjectConfigurationPlatforms) = postSolution
		{56CCFE42-9B11-4779-AA59-BF5210157871}.Ad-Hoc|Any CPU.ActiveCfg = Release|Any CPU
		{56CCFE42-9B11-4779-AA59-BF5210157871}.Ad-Hoc|Any CPU.Build.0 = Release|Any CPU
		{56CCFE42-9B11-4779-AA59-BF5210157871}.Ad-Hoc|Any CPU.Deploy.0 = Release|Any CPU
		{56CCFE42-9B11-4779-AA59-BF5210157871}.Ad-Hoc|iPhone.ActiveCfg = Release|Any CPU
		{56CCFE42-9B11-4779-AA59-BF5210157871}.Ad-Hoc|iPhone.Build.0 = Release|Any CPU
		{56CCFE42-9B11-4779-AA59-BF5210157871}.Ad-Hoc|iPhone.Deploy.0 = Release|Any CPU
		{56CCFE42-9B11-4779-AA59-BF5210157871}.Ad-Hoc|iPhoneSimulator.ActiveCfg = Release|Any CPU
		{56CCFE42-9B11-4779-AA59-BF5210157871}.Ad-Hoc|iPhoneSimulator.Build.0 = Release|Any CPU
		{56CCFE42-9B11-4779-AA59-BF5210157871}.Ad-Hoc|iPhoneSimulator.Deploy.0 = Release|Any CPU
		{56CCFE42-9B11-4779-AA59-BF5210157871}.AppStore|Any CPU.ActiveCfg = Release|Any CPU
		{56CCFE42-9B11-4779-AA59-BF5210157871}.AppStore|Any CPU.Build.0 = Release|Any CPU
		{56CCFE42-9B11-4779-AA59-BF5210157871}.AppStore|Any CPU.Deploy.0 = Release|Any CPU
		{56CCFE42-9B11-4779-AA59-BF5210157871}.AppStore|iPhone.ActiveCfg = Release|Any CPU
		{56CCFE42-9B11-4779-AA59-BF5210157871}.AppStore|iPhone.Build.0 = Release|Any CPU
		{56CCFE42-9B11-4779-AA59-BF5210157871}.AppStore|iPhone.Deploy.0 = Release|Any CPU
		{56CCFE42-9B11-4779-AA59-BF5210157871}.AppStore|iPhoneSimulator.ActiveCfg = Release|Any CPU
		{56CCFE42-9B11-4779-AA59-BF5210157871}.AppStore|iPhoneSimulator.Build.0 = Release|Any CPU
		{56CCFE42-9B11-4779-AA59-BF5210157871}.AppStore|iPhoneSimulator.Deploy.0 = Release|Any CPU
		{56CCFE42-9B11-4779-AA59-BF5210157871}.Debug|Any CPU.ActiveCfg = Debug|Any CPU
		{56CCFE42-9B11-4779-AA59-BF5210157871}.Debug|Any CPU.Build.0 = Debug|Any CPU
		{56CCFE42-9B11-4779-AA59-BF5210157871}.Debug|Any CPU.Deploy.0 = Debug|Any CPU
		{56CCFE42-9B11-4779-AA59-BF5210157871}.Debug|iPhone.ActiveCfg = Debug|Any CPU
		{56CCFE42-9B11-4779-AA59-BF5210157871}.Debug|iPhone.Build.0 = Debug|Any CPU
		{56CCFE42-9B11-4779-AA59-BF5210157871}.Debug|iPhone.Deploy.0 = Debug|Any CPU
		{56CCFE42-9B11-4779-AA59-BF5210157871}.Debug|iPhoneSimulator.ActiveCfg = Debug|Any CPU
		{56CCFE42-9B11-4779-AA59-BF5210157871}.Debug|iPhoneSimulator.Build.0 = Debug|Any CPU
		{56CCFE42-9B11-4779-AA59-BF5210157871}.Debug|iPhoneSimulator.Deploy.0 = Debug|Any CPU
		{56CCFE42-9B11-4779-AA59-BF5210157871}.Release|Any CPU.ActiveCfg = Release|Any CPU
		{56CCFE42-9B11-4779-AA59-BF5210157871}.Release|Any CPU.Build.0 = Release|Any CPU
		{56CCFE42-9B11-4779-AA59-BF5210157871}.Release|Any CPU.Deploy.0 = Release|Any CPU
		{56CCFE42-9B11-4779-AA59-BF5210157871}.Release|iPhone.ActiveCfg = Release|Any CPU
		{56CCFE42-9B11-4779-AA59-BF5210157871}.Release|iPhone.Build.0 = Release|Any CPU
		{56CCFE42-9B11-4779-AA59-BF5210157871}.Release|iPhone.Deploy.0 = Release|Any CPU
		{56CCFE42-9B11-4779-AA59-BF5210157871}.Release|iPhoneSimulator.ActiveCfg = Release|Any CPU
		{56CCFE42-9B11-4779-AA59-BF5210157871}.Release|iPhoneSimulator.Build.0 = Release|Any CPU
		{56CCFE42-9B11-4779-AA59-BF5210157871}.Release|iPhoneSimulator.Deploy.0 = Release|Any CPU
		{CE9189BF-2828-4B5B-B789-79E8E515D2D3}.Ad-Hoc|Any CPU.ActiveCfg = Ad-Hoc|iPhone
		{CE9189BF-2828-4B5B-B789-79E8E515D2D3}.Ad-Hoc|Any CPU.Build.0 = Ad-Hoc|iPhone
		{CE9189BF-2828-4B5B-B789-79E8E515D2D3}.Ad-Hoc|Any CPU.Deploy.0 = Ad-Hoc|iPhone
		{CE9189BF-2828-4B5B-B789-79E8E515D2D3}.Ad-Hoc|iPhone.ActiveCfg = Ad-Hoc|iPhone
		{CE9189BF-2828-4B5B-B789-79E8E515D2D3}.Ad-Hoc|iPhone.Build.0 = Ad-Hoc|iPhone
		{CE9189BF-2828-4B5B-B789-79E8E515D2D3}.Ad-Hoc|iPhone.Deploy.0 = Ad-Hoc|iPhone
		{CE9189BF-2828-4B5B-B789-79E8E515D2D3}.Ad-Hoc|iPhoneSimulator.ActiveCfg = Ad-Hoc|iPhoneSimulator
		{CE9189BF-2828-4B5B-B789-79E8E515D2D3}.Ad-Hoc|iPhoneSimulator.Build.0 = Ad-Hoc|iPhoneSimulator
		{CE9189BF-2828-4B5B-B789-79E8E515D2D3}.Ad-Hoc|iPhoneSimulator.Deploy.0 = Ad-Hoc|iPhoneSimulator
		{CE9189BF-2828-4B5B-B789-79E8E515D2D3}.AppStore|Any CPU.ActiveCfg = AppStore|iPhone
		{CE9189BF-2828-4B5B-B789-79E8E515D2D3}.AppStore|Any CPU.Build.0 = AppStore|iPhone
		{CE9189BF-2828-4B5B-B789-79E8E515D2D3}.AppStore|Any CPU.Deploy.0 = AppStore|iPhone
		{CE9189BF-2828-4B5B-B789-79E8E515D2D3}.AppStore|iPhone.ActiveCfg = AppStore|iPhone
		{CE9189BF-2828-4B5B-B789-79E8E515D2D3}.AppStore|iPhone.Build.0 = AppStore|iPhone
		{CE9189BF-2828-4B5B-B789-79E8E515D2D3}.AppStore|iPhone.Deploy.0 = AppStore|iPhone
		{CE9189BF-2828-4B5B-B789-79E8E515D2D3}.AppStore|iPhoneSimulator.ActiveCfg = AppStore|iPhoneSimulator
		{CE9189BF-2828-4B5B-B789-79E8E515D2D3}.AppStore|iPhoneSimulator.Build.0 = AppStore|iPhoneSimulator
		{CE9189BF-2828-4B5B-B789-79E8E515D2D3}.AppStore|iPhoneSimulator.Deploy.0 = AppStore|iPhoneSimulator
		{CE9189BF-2828-4B5B-B789-79E8E515D2D3}.Debug|Any CPU.ActiveCfg = Debug|iPhoneSimulator
		{CE9189BF-2828-4B5B-B789-79E8E515D2D3}.Debug|Any CPU.Build.0 = Debug|iPhoneSimulator
		{CE9189BF-2828-4B5B-B789-79E8E515D2D3}.Debug|Any CPU.Deploy.0 = Debug|iPhoneSimulator
		{CE9189BF-2828-4B5B-B789-79E8E515D2D3}.Debug|iPhone.ActiveCfg = Debug|iPhone
		{CE9189BF-2828-4B5B-B789-79E8E515D2D3}.Debug|iPhone.Build.0 = Debug|iPhone
		{CE9189BF-2828-4B5B-B789-79E8E515D2D3}.Debug|iPhone.Deploy.0 = Debug|iPhone
		{CE9189BF-2828-4B5B-B789-79E8E515D2D3}.Debug|iPhoneSimulator.ActiveCfg = Debug|iPhoneSimulator
		{CE9189BF-2828-4B5B-B789-79E8E515D2D3}.Debug|iPhoneSimulator.Build.0 = Debug|iPhoneSimulator
		{CE9189BF-2828-4B5B-B789-79E8E515D2D3}.Debug|iPhoneSimulator.Deploy.0 = Debug|iPhoneSimulator
		{CE9189BF-2828-4B5B-B789-79E8E515D2D3}.Release|Any CPU.ActiveCfg = Release|iPhone
		{CE9189BF-2828-4B5B-B789-79E8E515D2D3}.Release|Any CPU.Build.0 = Release|iPhone
		{CE9189BF-2828-4B5B-B789-79E8E515D2D3}.Release|Any CPU.Deploy.0 = Release|iPhone
		{CE9189BF-2828-4B5B-B789-79E8E515D2D3}.Release|iPhone.ActiveCfg = Release|iPhone
		{CE9189BF-2828-4B5B-B789-79E8E515D2D3}.Release|iPhone.Build.0 = Release|iPhone
		{CE9189BF-2828-4B5B-B789-79E8E515D2D3}.Release|iPhone.Deploy.0 = Release|iPhone
		{CE9189BF-2828-4B5B-B789-79E8E515D2D3}.Release|iPhoneSimulator.ActiveCfg = Release|iPhoneSimulator
		{CE9189BF-2828-4B5B-B789-79E8E515D2D3}.Release|iPhoneSimulator.Build.0 = Release|iPhoneSimulator
		{CE9189BF-2828-4B5B-B789-79E8E515D2D3}.Release|iPhoneSimulator.Deploy.0 = Release|iPhoneSimulator
		{33E966E3-596D-4AE8-A9E9-1F1896F0101C}.Ad-Hoc|Any CPU.ActiveCfg = Debug|Any CPU
		{33E966E3-596D-4AE8-A9E9-1F1896F0101C}.Ad-Hoc|Any CPU.Build.0 = Debug|Any CPU
		{33E966E3-596D-4AE8-A9E9-1F1896F0101C}.Ad-Hoc|Any CPU.Deploy.0 = Debug|Any CPU
		{33E966E3-596D-4AE8-A9E9-1F1896F0101C}.Ad-Hoc|iPhone.ActiveCfg = Debug|Any CPU
		{33E966E3-596D-4AE8-A9E9-1F1896F0101C}.Ad-Hoc|iPhone.Build.0 = Debug|Any CPU
		{33E966E3-596D-4AE8-A9E9-1F1896F0101C}.Ad-Hoc|iPhone.Deploy.0 = Debug|Any CPU
		{33E966E3-596D-4AE8-A9E9-1F1896F0101C}.Ad-Hoc|iPhoneSimulator.ActiveCfg = Debug|Any CPU
		{33E966E3-596D-4AE8-A9E9-1F1896F0101C}.Ad-Hoc|iPhoneSimulator.Build.0 = Debug|Any CPU
		{33E966E3-596D-4AE8-A9E9-1F1896F0101C}.Ad-Hoc|iPhoneSimulator.Deploy.0 = Debug|Any CPU
		{33E966E3-596D-4AE8-A9E9-1F1896F0101C}.AppStore|Any CPU.ActiveCfg = Debug|Any CPU
		{33E966E3-596D-4AE8-A9E9-1F1896F0101C}.AppStore|Any CPU.Build.0 = Debug|Any CPU
		{33E966E3-596D-4AE8-A9E9-1F1896F0101C}.AppStore|Any CPU.Deploy.0 = Debug|Any CPU
		{33E966E3-596D-4AE8-A9E9-1F1896F0101C}.AppStore|iPhone.ActiveCfg = Debug|Any CPU
		{33E966E3-596D-4AE8-A9E9-1F1896F0101C}.AppStore|iPhone.Build.0 = Debug|Any CPU
		{33E966E3-596D-4AE8-A9E9-1F1896F0101C}.AppStore|iPhone.Deploy.0 = Debug|Any CPU
		{33E966E3-596D-4AE8-A9E9-1F1896F0101C}.AppStore|iPhoneSimulator.ActiveCfg = Debug|Any CPU
		{33E966E3-596D-4AE8-A9E9-1F1896F0101C}.AppStore|iPhoneSimulator.Build.0 = Debug|Any CPU
		{33E966E3-596D-4AE8-A9E9-1F1896F0101C}.AppStore|iPhoneSimulator.Deploy.0 = Debug|Any CPU
		{33E966E3-596D-4AE8-A9E9-1F1896F0101C}.Debug|Any CPU.ActiveCfg = Debug|Any CPU
		{33E966E3-596D-4AE8-A9E9-1F1896F0101C}.Debug|Any CPU.Build.0 = Debug|Any CPU
		{33E966E3-596D-4AE8-A9E9-1F1896F0101C}.Debug|Any CPU.Deploy.0 = Debug|Any CPU
		{33E966E3-596D-4AE8-A9E9-1F1896F0101C}.Debug|iPhone.ActiveCfg = Debug|Any CPU
		{33E966E3-596D-4AE8-A9E9-1F1896F0101C}.Debug|iPhone.Build.0 = Debug|Any CPU
		{33E966E3-596D-4AE8-A9E9-1F1896F0101C}.Debug|iPhone.Deploy.0 = Debug|Any CPU
		{33E966E3-596D-4AE8-A9E9-1F1896F0101C}.Debug|iPhoneSimulator.ActiveCfg = Debug|Any CPU
		{33E966E3-596D-4AE8-A9E9-1F1896F0101C}.Debug|iPhoneSimulator.Build.0 = Debug|Any CPU
		{33E966E3-596D-4AE8-A9E9-1F1896F0101C}.Debug|iPhoneSimulator.Deploy.0 = Debug|Any CPU
		{33E966E3-596D-4AE8-A9E9-1F1896F0101C}.Release|Any CPU.ActiveCfg = Release|Any CPU
		{33E966E3-596D-4AE8-A9E9-1F1896F0101C}.Release|Any CPU.Build.0 = Release|Any CPU
		{33E966E3-596D-4AE8-A9E9-1F1896F0101C}.Release|Any CPU.Deploy.0 = Release|Any CPU
		{33E966E3-596D-4AE8-A9E9-1F1896F0101C}.Release|iPhone.ActiveCfg = Release|Any CPU
		{33E966E3-596D-4AE8-A9E9-1F1896F0101C}.Release|iPhone.Build.0 = Release|Any CPU
		{33E966E3-596D-4AE8-A9E9-1F1896F0101C}.Release|iPhone.Deploy.0 = Release|Any CPU
		{33E966E3-596D-4AE8-A9E9-1F1896F0101C}.Release|iPhoneSimulator.ActiveCfg = Release|Any CPU
		{33E966E3-596D-4AE8-A9E9-1F1896F0101C}.Release|iPhoneSimulator.Build.0 = Release|Any CPU
		{33E966E3-596D-4AE8-A9E9-1F1896F0101C}.Release|iPhoneSimulator.Deploy.0 = Release|Any CPU
		{E6CFD2AF-EE2D-4B2F-A4AB-37EB342015DA}.Ad-Hoc|Any CPU.ActiveCfg = Debug|Any CPU
		{E6CFD2AF-EE2D-4B2F-A4AB-37EB342015DA}.Ad-Hoc|Any CPU.Build.0 = Debug|Any CPU
		{E6CFD2AF-EE2D-4B2F-A4AB-37EB342015DA}.Ad-Hoc|iPhone.ActiveCfg = Debug|Any CPU
		{E6CFD2AF-EE2D-4B2F-A4AB-37EB342015DA}.Ad-Hoc|iPhone.Build.0 = Debug|Any CPU
		{E6CFD2AF-EE2D-4B2F-A4AB-37EB342015DA}.Ad-Hoc|iPhoneSimulator.ActiveCfg = Debug|Any CPU
		{E6CFD2AF-EE2D-4B2F-A4AB-37EB342015DA}.Ad-Hoc|iPhoneSimulator.Build.0 = Debug|Any CPU
		{E6CFD2AF-EE2D-4B2F-A4AB-37EB342015DA}.AppStore|Any CPU.ActiveCfg = Debug|Any CPU
		{E6CFD2AF-EE2D-4B2F-A4AB-37EB342015DA}.AppStore|Any CPU.Build.0 = Debug|Any CPU
		{E6CFD2AF-EE2D-4B2F-A4AB-37EB342015DA}.AppStore|iPhone.ActiveCfg = Debug|Any CPU
		{E6CFD2AF-EE2D-4B2F-A4AB-37EB342015DA}.AppStore|iPhone.Build.0 = Debug|Any CPU
		{E6CFD2AF-EE2D-4B2F-A4AB-37EB342015DA}.AppStore|iPhoneSimulator.ActiveCfg = Debug|Any CPU
		{E6CFD2AF-EE2D-4B2F-A4AB-37EB342015DA}.AppStore|iPhoneSimulator.Build.0 = Debug|Any CPU
		{E6CFD2AF-EE2D-4B2F-A4AB-37EB342015DA}.Debug|Any CPU.ActiveCfg = Debug|Any CPU
		{E6CFD2AF-EE2D-4B2F-A4AB-37EB342015DA}.Debug|Any CPU.Build.0 = Debug|Any CPU
		{E6CFD2AF-EE2D-4B2F-A4AB-37EB342015DA}.Debug|iPhone.ActiveCfg = Debug|Any CPU
		{E6CFD2AF-EE2D-4B2F-A4AB-37EB342015DA}.Debug|iPhone.Build.0 = Debug|Any CPU
		{E6CFD2AF-EE2D-4B2F-A4AB-37EB342015DA}.Debug|iPhoneSimulator.ActiveCfg = Debug|Any CPU
		{E6CFD2AF-EE2D-4B2F-A4AB-37EB342015DA}.Debug|iPhoneSimulator.Build.0 = Debug|Any CPU
		{E6CFD2AF-EE2D-4B2F-A4AB-37EB342015DA}.Release|Any CPU.ActiveCfg = Release|Any CPU
		{E6CFD2AF-EE2D-4B2F-A4AB-37EB342015DA}.Release|Any CPU.Build.0 = Release|Any CPU
		{E6CFD2AF-EE2D-4B2F-A4AB-37EB342015DA}.Release|iPhone.ActiveCfg = Release|Any CPU
		{E6CFD2AF-EE2D-4B2F-A4AB-37EB342015DA}.Release|iPhone.Build.0 = Release|Any CPU
		{E6CFD2AF-EE2D-4B2F-A4AB-37EB342015DA}.Release|iPhoneSimulator.ActiveCfg = Release|Any CPU
		{E6CFD2AF-EE2D-4B2F-A4AB-37EB342015DA}.Release|iPhoneSimulator.Build.0 = Release|Any CPU
		{79200648-C4DE-4D25-86B8-343FF576BA41}.Ad-Hoc|Any CPU.ActiveCfg = Debug|Any CPU
		{79200648-C4DE-4D25-86B8-343FF576BA41}.Ad-Hoc|Any CPU.Build.0 = Debug|Any CPU
		{79200648-C4DE-4D25-86B8-343FF576BA41}.Ad-Hoc|iPhone.ActiveCfg = Debug|Any CPU
		{79200648-C4DE-4D25-86B8-343FF576BA41}.Ad-Hoc|iPhone.Build.0 = Debug|Any CPU
		{79200648-C4DE-4D25-86B8-343FF576BA41}.Ad-Hoc|iPhoneSimulator.ActiveCfg = Debug|Any CPU
		{79200648-C4DE-4D25-86B8-343FF576BA41}.Ad-Hoc|iPhoneSimulator.Build.0 = Debug|Any CPU
		{79200648-C4DE-4D25-86B8-343FF576BA41}.AppStore|Any CPU.ActiveCfg = Debug|Any CPU
		{79200648-C4DE-4D25-86B8-343FF576BA41}.AppStore|Any CPU.Build.0 = Debug|Any CPU
		{79200648-C4DE-4D25-86B8-343FF576BA41}.AppStore|iPhone.ActiveCfg = Debug|Any CPU
		{79200648-C4DE-4D25-86B8-343FF576BA41}.AppStore|iPhone.Build.0 = Debug|Any CPU
		{79200648-C4DE-4D25-86B8-343FF576BA41}.AppStore|iPhoneSimulator.ActiveCfg = Debug|Any CPU
		{79200648-C4DE-4D25-86B8-343FF576BA41}.AppStore|iPhoneSimulator.Build.0 = Debug|Any CPU
		{79200648-C4DE-4D25-86B8-343FF576BA41}.Debug|Any CPU.ActiveCfg = Debug|Any CPU
		{79200648-C4DE-4D25-86B8-343FF576BA41}.Debug|Any CPU.Build.0 = Debug|Any CPU
		{79200648-C4DE-4D25-86B8-343FF576BA41}.Debug|iPhone.ActiveCfg = Debug|Any CPU
		{79200648-C4DE-4D25-86B8-343FF576BA41}.Debug|iPhone.Build.0 = Debug|Any CPU
		{79200648-C4DE-4D25-86B8-343FF576BA41}.Debug|iPhoneSimulator.ActiveCfg = Debug|Any CPU
		{79200648-C4DE-4D25-86B8-343FF576BA41}.Debug|iPhoneSimulator.Build.0 = Debug|Any CPU
		{79200648-C4DE-4D25-86B8-343FF576BA41}.Release|Any CPU.ActiveCfg = Release|Any CPU
		{79200648-C4DE-4D25-86B8-343FF576BA41}.Release|Any CPU.Build.0 = Release|Any CPU
		{79200648-C4DE-4D25-86B8-343FF576BA41}.Release|iPhone.ActiveCfg = Release|Any CPU
		{79200648-C4DE-4D25-86B8-343FF576BA41}.Release|iPhone.Build.0 = Release|Any CPU
		{79200648-C4DE-4D25-86B8-343FF576BA41}.Release|iPhoneSimulator.ActiveCfg = Release|Any CPU
		{79200648-C4DE-4D25-86B8-343FF576BA41}.Release|iPhoneSimulator.Build.0 = Release|Any CPU
		{3CC419B7-43A2-4E56-B4DE-F078221ADFF7}.Ad-Hoc|Any CPU.ActiveCfg = Release|Any CPU
		{3CC419B7-43A2-4E56-B4DE-F078221ADFF7}.Ad-Hoc|Any CPU.Build.0 = Release|Any CPU
		{3CC419B7-43A2-4E56-B4DE-F078221ADFF7}.Ad-Hoc|iPhone.ActiveCfg = Release|Any CPU
		{3CC419B7-43A2-4E56-B4DE-F078221ADFF7}.Ad-Hoc|iPhone.Build.0 = Release|Any CPU
		{3CC419B7-43A2-4E56-B4DE-F078221ADFF7}.Ad-Hoc|iPhoneSimulator.ActiveCfg = Release|Any CPU
		{3CC419B7-43A2-4E56-B4DE-F078221ADFF7}.Ad-Hoc|iPhoneSimulator.Build.0 = Release|Any CPU
		{3CC419B7-43A2-4E56-B4DE-F078221ADFF7}.AppStore|Any CPU.ActiveCfg = Release|Any CPU
		{3CC419B7-43A2-4E56-B4DE-F078221ADFF7}.AppStore|Any CPU.Build.0 = Release|Any CPU
		{3CC419B7-43A2-4E56-B4DE-F078221ADFF7}.AppStore|iPhone.ActiveCfg = Release|Any CPU
		{3CC419B7-43A2-4E56-B4DE-F078221ADFF7}.AppStore|iPhone.Build.0 = Release|Any CPU
		{3CC419B7-43A2-4E56-B4DE-F078221ADFF7}.AppStore|iPhoneSimulator.ActiveCfg = Release|Any CPU
		{3CC419B7-43A2-4E56-B4DE-F078221ADFF7}.AppStore|iPhoneSimulator.Build.0 = Release|Any CPU
		{3CC419B7-43A2-4E56-B4DE-F078221ADFF7}.Debug|Any CPU.ActiveCfg = Debug|Any CPU
		{3CC419B7-43A2-4E56-B4DE-F078221ADFF7}.Debug|Any CPU.Build.0 = Debug|Any CPU
		{3CC419B7-43A2-4E56-B4DE-F078221ADFF7}.Debug|iPhone.ActiveCfg = Debug|Any CPU
		{3CC419B7-43A2-4E56-B4DE-F078221ADFF7}.Debug|iPhone.Build.0 = Debug|Any CPU
		{3CC419B7-43A2-4E56-B4DE-F078221ADFF7}.Debug|iPhoneSimulator.ActiveCfg = Debug|Any CPU
		{3CC419B7-43A2-4E56-B4DE-F078221ADFF7}.Debug|iPhoneSimulator.Build.0 = Debug|Any CPU
		{3CC419B7-43A2-4E56-B4DE-F078221ADFF7}.Release|Any CPU.ActiveCfg = Release|Any CPU
		{3CC419B7-43A2-4E56-B4DE-F078221ADFF7}.Release|Any CPU.Build.0 = Release|Any CPU
		{3CC419B7-43A2-4E56-B4DE-F078221ADFF7}.Release|iPhone.ActiveCfg = Release|Any CPU
		{3CC419B7-43A2-4E56-B4DE-F078221ADFF7}.Release|iPhone.Build.0 = Release|Any CPU
		{3CC419B7-43A2-4E56-B4DE-F078221ADFF7}.Release|iPhoneSimulator.ActiveCfg = Release|Any CPU
		{3CC419B7-43A2-4E56-B4DE-F078221ADFF7}.Release|iPhoneSimulator.Build.0 = Release|Any CPU
		{5D8BAF01-7CFA-490C-B356-B6FC88DD420B}.Ad-Hoc|Any CPU.ActiveCfg = Release|Any CPU
		{5D8BAF01-7CFA-490C-B356-B6FC88DD420B}.Ad-Hoc|Any CPU.Build.0 = Release|Any CPU
		{5D8BAF01-7CFA-490C-B356-B6FC88DD420B}.Ad-Hoc|iPhone.ActiveCfg = Release|Any CPU
		{5D8BAF01-7CFA-490C-B356-B6FC88DD420B}.Ad-Hoc|iPhone.Build.0 = Release|Any CPU
		{5D8BAF01-7CFA-490C-B356-B6FC88DD420B}.Ad-Hoc|iPhoneSimulator.ActiveCfg = Release|Any CPU
		{5D8BAF01-7CFA-490C-B356-B6FC88DD420B}.Ad-Hoc|iPhoneSimulator.Build.0 = Release|Any CPU
		{5D8BAF01-7CFA-490C-B356-B6FC88DD420B}.AppStore|Any CPU.ActiveCfg = Release|Any CPU
		{5D8BAF01-7CFA-490C-B356-B6FC88DD420B}.AppStore|Any CPU.Build.0 = Release|Any CPU
		{5D8BAF01-7CFA-490C-B356-B6FC88DD420B}.AppStore|iPhone.ActiveCfg = Release|Any CPU
		{5D8BAF01-7CFA-490C-B356-B6FC88DD420B}.AppStore|iPhone.Build.0 = Release|Any CPU
		{5D8BAF01-7CFA-490C-B356-B6FC88DD420B}.AppStore|iPhoneSimulator.ActiveCfg = Release|Any CPU
		{5D8BAF01-7CFA-490C-B356-B6FC88DD420B}.AppStore|iPhoneSimulator.Build.0 = Release|Any CPU
		{5D8BAF01-7CFA-490C-B356-B6FC88DD420B}.Debug|Any CPU.ActiveCfg = Debug|Any CPU
		{5D8BAF01-7CFA-490C-B356-B6FC88DD420B}.Debug|Any CPU.Build.0 = Debug|Any CPU
		{5D8BAF01-7CFA-490C-B356-B6FC88DD420B}.Debug|iPhone.ActiveCfg = Debug|Any CPU
		{5D8BAF01-7CFA-490C-B356-B6FC88DD420B}.Debug|iPhone.Build.0 = Debug|Any CPU
		{5D8BAF01-7CFA-490C-B356-B6FC88DD420B}.Debug|iPhoneSimulator.ActiveCfg = Debug|Any CPU
		{5D8BAF01-7CFA-490C-B356-B6FC88DD420B}.Debug|iPhoneSimulator.Build.0 = Debug|Any CPU
		{5D8BAF01-7CFA-490C-B356-B6FC88DD420B}.Release|Any CPU.ActiveCfg = Release|Any CPU
		{5D8BAF01-7CFA-490C-B356-B6FC88DD420B}.Release|Any CPU.Build.0 = Release|Any CPU
		{5D8BAF01-7CFA-490C-B356-B6FC88DD420B}.Release|iPhone.ActiveCfg = Release|Any CPU
		{5D8BAF01-7CFA-490C-B356-B6FC88DD420B}.Release|iPhone.Build.0 = Release|Any CPU
		{5D8BAF01-7CFA-490C-B356-B6FC88DD420B}.Release|iPhoneSimulator.ActiveCfg = Release|Any CPU
		{5D8BAF01-7CFA-490C-B356-B6FC88DD420B}.Release|iPhoneSimulator.Build.0 = Release|Any CPU
	EndGlobalSection
	GlobalSection(SolutionProperties) = preSolution
		HideSolutionNode = FALSE
	EndGlobalSection
	GlobalSection(ExtensibilityGlobals) = postSolution
		SolutionGuid = {51B44CFE-0195-4DFD-A44D-72F3AB2F5F84}
	EndGlobalSection
EndGlobal
